// !$*UTF8*$!
{
	archiveVersion = 1;
	classes = {
	};
	objectVersion = 46;
	objects = {

/* Begin PBXBuildFile section */
		0567D91CB5E700436460233F /* (null) in Frameworks */ = {isa = PBXBuildFile; };
		20E28D249356BB6596D67A36 /* Pods_SDOSPluggableApplicationDelegateMultipleExample.framework in Frameworks */ = {isa = PBXBuildFile; fileRef = 36F41801C00DABE2688A995B /* Pods_SDOSPluggableApplicationDelegateMultipleExample.framework */; };
		298E088423B49FC200B059E9 /* LoggerApplicationService.swift in Sources */ = {isa = PBXBuildFile; fileRef = 298E087A23B49FC200B059E9 /* LoggerApplicationService.swift */; };
		298E088523B49FC200B059E9 /* AppDelegate.swift in Sources */ = {isa = PBXBuildFile; fileRef = 298E087B23B49FC200B059E9 /* AppDelegate.swift */; };
		298E088B23B4B12700B059E9 /* SceneDelegate.swift in Sources */ = {isa = PBXBuildFile; fileRef = 298E088A23B4B12700B059E9 /* SceneDelegate.swift */; };
		298E088D23B4B1AF00B059E9 /* LoggerSceneService.swift in Sources */ = {isa = PBXBuildFile; fileRef = 298E088C23B4B1AF00B059E9 /* LoggerSceneService.swift */; };
		298E08A423B4C1E500B059E9 /* ViewController.swift in Sources */ = {isa = PBXBuildFile; fileRef = 607FACD71AFB9204008FA782 /* ViewController.swift */; };
		298E08A923B4C1E500B059E9 /* Main.storyboard in Resources */ = {isa = PBXBuildFile; fileRef = 607FACD91AFB9204008FA782 /* Main.storyboard */; };
		298E08AA23B4C1E500B059E9 /* LaunchScreen.xib in Resources */ = {isa = PBXBuildFile; fileRef = 607FACDE1AFB9204008FA782 /* LaunchScreen.xib */; };
		298E08AB23B4C1E500B059E9 /* Images.xcassets in Resources */ = {isa = PBXBuildFile; fileRef = 607FACDC1AFB9204008FA782 /* Images.xcassets */; };
		298E08B323B4C39700B059E9 /* AppDelegate.swift in Sources */ = {isa = PBXBuildFile; fileRef = 298E087F23B49FC200B059E9 /* AppDelegate.swift */; };
		298E08B423B4C39A00B059E9 /* LoggerApplicationService.swift in Sources */ = {isa = PBXBuildFile; fileRef = 298E087E23B49FC200B059E9 /* LoggerApplicationService.swift */; };
		298E08B523B4C39D00B059E9 /* SceneDelegate.swift in Sources */ = {isa = PBXBuildFile; fileRef = 298E089C23B4C14300B059E9 /* SceneDelegate.swift */; };
		607FACD81AFB9204008FA782 /* ViewController.swift in Sources */ = {isa = PBXBuildFile; fileRef = 607FACD71AFB9204008FA782 /* ViewController.swift */; };
		607FACDB1AFB9204008FA782 /* Main.storyboard in Resources */ = {isa = PBXBuildFile; fileRef = 607FACD91AFB9204008FA782 /* Main.storyboard */; };
		607FACDD1AFB9204008FA782 /* Images.xcassets in Resources */ = {isa = PBXBuildFile; fileRef = 607FACDC1AFB9204008FA782 /* Images.xcassets */; };
		607FACE01AFB9204008FA782 /* LaunchScreen.xib in Resources */ = {isa = PBXBuildFile; fileRef = 607FACDE1AFB9204008FA782 /* LaunchScreen.xib */; };
		607FACEC1AFB9204008FA782 /* Tests.swift in Sources */ = {isa = PBXBuildFile; fileRef = 607FACEB1AFB9204008FA782 /* Tests.swift */; };
		6D27C875EA9DF2D36BA12136 /* Pods_SDOSPluggableApplicationDelegateExample.framework in Frameworks */ = {isa = PBXBuildFile; fileRef = 4442ACD6063880AAADFA9144 /* Pods_SDOSPluggableApplicationDelegateExample.framework */; };
/* End PBXBuildFile section */

/* Begin PBXContainerItemProxy section */
		607FACE61AFB9204008FA782 /* PBXContainerItemProxy */ = {
			isa = PBXContainerItemProxy;
			containerPortal = 607FACC81AFB9204008FA782 /* Project object */;
			proxyType = 1;
			remoteGlobalIDString = 607FACCF1AFB9204008FA782;
			remoteInfo = PluggableApplicationDelegate;
		};
/* End PBXContainerItemProxy section */

/* Begin PBXFileReference section */
		291C9F522254D37E00E01BE8 /* CHANGELOG.md */ = {isa = PBXFileReference; lastKnownFileType = net.daringfireball.markdown; name = CHANGELOG.md; path = ../../CHANGELOG.md; sourceTree = "<group>"; };
		291C9F542254D37E00E01BE8 /* README.md */ = {isa = PBXFileReference; lastKnownFileType = net.daringfireball.markdown; name = README.md; path = ../../README.md; sourceTree = "<group>"; };
		291C9F552254D40A00E01BE8 /* SDOSPluggableApplicationDelegate.podspec */ = {isa = PBXFileReference; lastKnownFileType = text; name = SDOSPluggableApplicationDelegate.podspec; path = ../../SDOSPluggableApplicationDelegate.podspec; sourceTree = "<group>"; xcLanguageSpecificationIdentifier = xcode.lang.ruby; };
		298E087A23B49FC200B059E9 /* LoggerApplicationService.swift */ = {isa = PBXFileReference; fileEncoding = 4; lastKnownFileType = sourcecode.swift; path = LoggerApplicationService.swift; sourceTree = "<group>"; };
		298E087B23B49FC200B059E9 /* AppDelegate.swift */ = {isa = PBXFileReference; fileEncoding = 4; lastKnownFileType = sourcecode.swift; path = AppDelegate.swift; sourceTree = "<group>"; };
		298E087C23B49FC200B059E9 /* Info.plist */ = {isa = PBXFileReference; fileEncoding = 4; lastKnownFileType = text.plist.xml; path = Info.plist; sourceTree = "<group>"; };
		298E087E23B49FC200B059E9 /* LoggerApplicationService.swift */ = {isa = PBXFileReference; fileEncoding = 4; lastKnownFileType = sourcecode.swift; path = LoggerApplicationService.swift; sourceTree = "<group>"; };
		298E087F23B49FC200B059E9 /* AppDelegate.swift */ = {isa = PBXFileReference; fileEncoding = 4; lastKnownFileType = sourcecode.swift; path = AppDelegate.swift; sourceTree = "<group>"; };
		298E088023B49FC200B059E9 /* Info.plist */ = {isa = PBXFileReference; fileEncoding = 4; lastKnownFileType = text.plist.xml; path = Info.plist; sourceTree = "<group>"; };
		298E088A23B4B12700B059E9 /* SceneDelegate.swift */ = {isa = PBXFileReference; lastKnownFileType = sourcecode.swift; path = SceneDelegate.swift; sourceTree = "<group>"; };
		298E088C23B4B1AF00B059E9 /* LoggerSceneService.swift */ = {isa = PBXFileReference; lastKnownFileType = sourcecode.swift; path = LoggerSceneService.swift; sourceTree = "<group>"; };
		298E089C23B4C14300B059E9 /* SceneDelegate.swift */ = {isa = PBXFileReference; fileEncoding = 4; lastKnownFileType = sourcecode.swift; path = SceneDelegate.swift; sourceTree = "<group>"; };
		298E08B123B4C1E500B059E9 /* SDOSPluggableApplicationDelegateMultipleExample.app */ = {isa = PBXFileReference; explicitFileType = wrapper.application; includeInIndex = 0; path = SDOSPluggableApplicationDelegateMultipleExample.app; sourceTree = BUILT_PRODUCTS_DIR; };
		29AD4BFE23A7D6BD00410C37 /* CHANGELOG.md */ = {isa = PBXFileReference; lastKnownFileType = net.daringfireball.markdown; name = CHANGELOG.md; path = ../../CHANGELOG.md; sourceTree = "<group>"; };
		29AD4BFF23A7D6BD00410C37 /* README.md */ = {isa = PBXFileReference; lastKnownFileType = net.daringfireball.markdown; name = README.md; path = ../../README.md; sourceTree = "<group>"; };
		36F41801C00DABE2688A995B /* Pods_SDOSPluggableApplicationDelegateMultipleExample.framework */ = {isa = PBXFileReference; explicitFileType = wrapper.framework; includeInIndex = 0; path = Pods_SDOSPluggableApplicationDelegateMultipleExample.framework; sourceTree = BUILT_PRODUCTS_DIR; };
		4442ACD6063880AAADFA9144 /* Pods_SDOSPluggableApplicationDelegateExample.framework */ = {isa = PBXFileReference; explicitFileType = wrapper.framework; includeInIndex = 0; path = Pods_SDOSPluggableApplicationDelegateExample.framework; sourceTree = BUILT_PRODUCTS_DIR; };
		607FACD01AFB9204008FA782 /* SDOSPluggableApplicationDelegateExample.app */ = {isa = PBXFileReference; explicitFileType = wrapper.application; includeInIndex = 0; path = SDOSPluggableApplicationDelegateExample.app; sourceTree = BUILT_PRODUCTS_DIR; };
		607FACD71AFB9204008FA782 /* ViewController.swift */ = {isa = PBXFileReference; lastKnownFileType = sourcecode.swift; path = ViewController.swift; sourceTree = "<group>"; };
		607FACDA1AFB9204008FA782 /* Base */ = {isa = PBXFileReference; lastKnownFileType = file.storyboard; name = Base; path = Base.lproj/Main.storyboard; sourceTree = "<group>"; };
		607FACDC1AFB9204008FA782 /* Images.xcassets */ = {isa = PBXFileReference; lastKnownFileType = folder.assetcatalog; path = Images.xcassets; sourceTree = "<group>"; };
		607FACDF1AFB9204008FA782 /* Base */ = {isa = PBXFileReference; lastKnownFileType = file.xib; name = Base; path = Base.lproj/LaunchScreen.xib; sourceTree = "<group>"; };
		607FACE51AFB9204008FA782 /* SDOSPluggableApplicationDelegateExample_Tests.xctest */ = {isa = PBXFileReference; explicitFileType = wrapper.cfbundle; includeInIndex = 0; path = SDOSPluggableApplicationDelegateExample_Tests.xctest; sourceTree = BUILT_PRODUCTS_DIR; };
		607FACEA1AFB9204008FA782 /* Info.plist */ = {isa = PBXFileReference; lastKnownFileType = text.plist.xml; path = Info.plist; sourceTree = "<group>"; };
		607FACEB1AFB9204008FA782 /* Tests.swift */ = {isa = PBXFileReference; lastKnownFileType = sourcecode.swift; path = Tests.swift; sourceTree = "<group>"; };
		8E6A38ABBDF1B8AF960E4E6C /* Pods-SDOSPluggableApplicationDelegateExample.release.xcconfig */ = {isa = PBXFileReference; includeInIndex = 1; lastKnownFileType = text.xcconfig; name = "Pods-SDOSPluggableApplicationDelegateExample.release.xcconfig"; path = "Pods/Target Support Files/Pods-SDOSPluggableApplicationDelegateExample/Pods-SDOSPluggableApplicationDelegateExample.release.xcconfig"; sourceTree = "<group>"; };
		A897F04C6E01741F325FF631 /* Pods-SDOSPluggableApplicationDelegateExample.debug.xcconfig */ = {isa = PBXFileReference; includeInIndex = 1; lastKnownFileType = text.xcconfig; name = "Pods-SDOSPluggableApplicationDelegateExample.debug.xcconfig"; path = "Pods/Target Support Files/Pods-SDOSPluggableApplicationDelegateExample/Pods-SDOSPluggableApplicationDelegateExample.debug.xcconfig"; sourceTree = "<group>"; };
		D087297FE80E851CD3848071 /* Pods-SDOSPluggableApplicationDelegateMultipleExample.debug.xcconfig */ = {isa = PBXFileReference; includeInIndex = 1; lastKnownFileType = text.xcconfig; name = "Pods-SDOSPluggableApplicationDelegateMultipleExample.debug.xcconfig"; path = "Pods/Target Support Files/Pods-SDOSPluggableApplicationDelegateMultipleExample/Pods-SDOSPluggableApplicationDelegateMultipleExample.debug.xcconfig"; sourceTree = "<group>"; };
		DABCD01C313F1AA0D201103D /* Pods-SDOSPluggableApplicationDelegateMultipleExample.release.xcconfig */ = {isa = PBXFileReference; includeInIndex = 1; lastKnownFileType = text.xcconfig; name = "Pods-SDOSPluggableApplicationDelegateMultipleExample.release.xcconfig"; path = "Pods/Target Support Files/Pods-SDOSPluggableApplicationDelegateMultipleExample/Pods-SDOSPluggableApplicationDelegateMultipleExample.release.xcconfig"; sourceTree = "<group>"; };
/* End PBXFileReference section */

/* Begin PBXFrameworksBuildPhase section */
		298E08A623B4C1E500B059E9 /* Frameworks */ = {
			isa = PBXFrameworksBuildPhase;
			buildActionMask = 2147483647;
			files = (
				20E28D249356BB6596D67A36 /* Pods_SDOSPluggableApplicationDelegateMultipleExample.framework in Frameworks */,
			);
			runOnlyForDeploymentPostprocessing = 0;
		};
		607FACCD1AFB9204008FA782 /* Frameworks */ = {
			isa = PBXFrameworksBuildPhase;
			buildActionMask = 2147483647;
			files = (
				0567D91CB5E700436460233F /* (null) in Frameworks */,
				6D27C875EA9DF2D36BA12136 /* Pods_SDOSPluggableApplicationDelegateExample.framework in Frameworks */,
			);
			runOnlyForDeploymentPostprocessing = 0;
		};
		607FACE21AFB9204008FA782 /* Frameworks */ = {
			isa = PBXFrameworksBuildPhase;
			buildActionMask = 2147483647;
			files = (
			);
			runOnlyForDeploymentPostprocessing = 0;
		};
/* End PBXFrameworksBuildPhase section */

/* Begin PBXGroup section */
		298E087923B49FC200B059E9 /* Application */ = {
			isa = PBXGroup;
			children = (
				298E087C23B49FC200B059E9 /* Info.plist */,
				298E087B23B49FC200B059E9 /* AppDelegate.swift */,
				298E087A23B49FC200B059E9 /* LoggerApplicationService.swift */,
				298E088C23B4B1AF00B059E9 /* LoggerSceneService.swift */,
				298E088A23B4B12700B059E9 /* SceneDelegate.swift */,
			);
			path = Application;
			sourceTree = "<group>";
		};
		298E087D23B49FC200B059E9 /* Multiple */ = {
			isa = PBXGroup;
			children = (
				298E088023B49FC200B059E9 /* Info.plist */,
				298E087F23B49FC200B059E9 /* AppDelegate.swift */,
				298E087E23B49FC200B059E9 /* LoggerApplicationService.swift */,
				298E089C23B4C14300B059E9 /* SceneDelegate.swift */,
			);
			path = Multiple;
			sourceTree = "<group>";
		};
		489BA6487E953511D16508DA /* Frameworks */ = {
			isa = PBXGroup;
			children = (
				36F41801C00DABE2688A995B /* Pods_SDOSPluggableApplicationDelegateMultipleExample.framework */,
				4442ACD6063880AAADFA9144 /* Pods_SDOSPluggableApplicationDelegateExample.framework */,
			);
			name = Frameworks;
			sourceTree = "<group>";
		};
		607FACC71AFB9204008FA782 = {
			isa = PBXGroup;
			children = (
				29AD4BFE23A7D6BD00410C37 /* CHANGELOG.md */,
				29AD4BFF23A7D6BD00410C37 /* README.md */,
				607FACF51AFB993E008FA782 /* Podspec Metadata */,
				607FACD21AFB9204008FA782 /* PluggableApplicationDelegate */,
				607FACE81AFB9204008FA782 /* Tests */,
				607FACD11AFB9204008FA782 /* Products */,
				AEDACA50FD0F1FF07F4A991B /* Pods */,
				489BA6487E953511D16508DA /* Frameworks */,
			);
			sourceTree = "<group>";
		};
		607FACD11AFB9204008FA782 /* Products */ = {
			isa = PBXGroup;
			children = (
				607FACD01AFB9204008FA782 /* SDOSPluggableApplicationDelegateExample.app */,
				607FACE51AFB9204008FA782 /* SDOSPluggableApplicationDelegateExample_Tests.xctest */,
				298E08B123B4C1E500B059E9 /* SDOSPluggableApplicationDelegateMultipleExample.app */,
			);
			name = Products;
			sourceTree = "<group>";
		};
		607FACD21AFB9204008FA782 /* PluggableApplicationDelegate */ = {
			isa = PBXGroup;
			children = (
				298E087923B49FC200B059E9 /* Application */,
				298E087D23B49FC200B059E9 /* Multiple */,
				607FACD71AFB9204008FA782 /* ViewController.swift */,
				607FACD91AFB9204008FA782 /* Main.storyboard */,
				607FACDC1AFB9204008FA782 /* Images.xcassets */,
				607FACDE1AFB9204008FA782 /* LaunchScreen.xib */,
			);
			path = PluggableApplicationDelegate;
			sourceTree = "<group>";
		};
		607FACE81AFB9204008FA782 /* Tests */ = {
			isa = PBXGroup;
			children = (
				607FACEB1AFB9204008FA782 /* Tests.swift */,
				607FACE91AFB9204008FA782 /* Supporting Files */,
			);
			path = Tests;
			sourceTree = "<group>";
		};
		607FACE91AFB9204008FA782 /* Supporting Files */ = {
			isa = PBXGroup;
			children = (
				607FACEA1AFB9204008FA782 /* Info.plist */,
			);
			name = "Supporting Files";
			sourceTree = "<group>";
		};
		607FACF51AFB993E008FA782 /* Podspec Metadata */ = {
			isa = PBXGroup;
			children = (
				291C9F552254D40A00E01BE8 /* SDOSPluggableApplicationDelegate.podspec */,
				291C9F522254D37E00E01BE8 /* CHANGELOG.md */,
				291C9F542254D37E00E01BE8 /* README.md */,
			);
			name = "Podspec Metadata";
			sourceTree = "<group>";
		};
		AEDACA50FD0F1FF07F4A991B /* Pods */ = {
			isa = PBXGroup;
			children = (
				A897F04C6E01741F325FF631 /* Pods-SDOSPluggableApplicationDelegateExample.debug.xcconfig */,
				8E6A38ABBDF1B8AF960E4E6C /* Pods-SDOSPluggableApplicationDelegateExample.release.xcconfig */,
				D087297FE80E851CD3848071 /* Pods-SDOSPluggableApplicationDelegateMultipleExample.debug.xcconfig */,
				DABCD01C313F1AA0D201103D /* Pods-SDOSPluggableApplicationDelegateMultipleExample.release.xcconfig */,
			);
			name = Pods;
			sourceTree = "<group>";
		};
/* End PBXGroup section */

/* Begin PBXNativeTarget section */
		298E089E23B4C1E500B059E9 /* SDOSPluggableApplicationDelegateMultipleExample */ = {
			isa = PBXNativeTarget;
			buildConfigurationList = 298E08AE23B4C1E500B059E9 /* Build configuration list for PBXNativeTarget "SDOSPluggableApplicationDelegateMultipleExample" */;
			buildPhases = (
				298E089F23B4C1E500B059E9 /* [CP] Check Pods Manifest.lock */,
				298E08A023B4C1E500B059E9 /* Sources */,
				298E08A623B4C1E500B059E9 /* Frameworks */,
				298E08A823B4C1E500B059E9 /* Resources */,
				298E08AC23B4C1E500B059E9 /* [CP] Embed Pods Frameworks */,
				298E08AD23B4C1E500B059E9 /* Xcode Versions */,
			);
			buildRules = (
			);
			dependencies = (
			);
			name = SDOSPluggableApplicationDelegateMultipleExample;
			productName = PluggableApplicationDelegate;
			productReference = 298E08B123B4C1E500B059E9 /* SDOSPluggableApplicationDelegateMultipleExample.app */;
			productType = "com.apple.product-type.application";
		};
		607FACCF1AFB9204008FA782 /* SDOSPluggableApplicationDelegateExample */ = {
			isa = PBXNativeTarget;
			buildConfigurationList = 607FACEF1AFB9204008FA782 /* Build configuration list for PBXNativeTarget "SDOSPluggableApplicationDelegateExample" */;
			buildPhases = (
				A6B96A389F7528540C9EB58D /* [CP] Check Pods Manifest.lock */,
				607FACCC1AFB9204008FA782 /* Sources */,
				607FACCD1AFB9204008FA782 /* Frameworks */,
				607FACCE1AFB9204008FA782 /* Resources */,
				11CDBB7662B9715B82464DF0 /* [CP] Embed Pods Frameworks */,
				298C9FB02255E62600A90652 /* Xcode Versions */,
			);
			buildRules = (
			);
			dependencies = (
			);
			name = SDOSPluggableApplicationDelegateExample;
			productName = PluggableApplicationDelegate;
			productReference = 607FACD01AFB9204008FA782 /* SDOSPluggableApplicationDelegateExample.app */;
			productType = "com.apple.product-type.application";
		};
		607FACE41AFB9204008FA782 /* SDOSPluggableApplicationDelegateExample_Tests */ = {
			isa = PBXNativeTarget;
			buildConfigurationList = 607FACF21AFB9204008FA782 /* Build configuration list for PBXNativeTarget "SDOSPluggableApplicationDelegateExample_Tests" */;
			buildPhases = (
				607FACE11AFB9204008FA782 /* Sources */,
				607FACE21AFB9204008FA782 /* Frameworks */,
				607FACE31AFB9204008FA782 /* Resources */,
			);
			buildRules = (
			);
			dependencies = (
				607FACE71AFB9204008FA782 /* PBXTargetDependency */,
			);
			name = SDOSPluggableApplicationDelegateExample_Tests;
			productName = Tests;
			productReference = 607FACE51AFB9204008FA782 /* SDOSPluggableApplicationDelegateExample_Tests.xctest */;
			productType = "com.apple.product-type.bundle.unit-test";
		};
/* End PBXNativeTarget section */

/* Begin PBXProject section */
		607FACC81AFB9204008FA782 /* Project object */ = {
			isa = PBXProject;
			attributes = {
				LastSwiftUpdateCheck = 0720;
				LastUpgradeCheck = 0820;
				ORGANIZATIONNAME = CocoaPods;
				TargetAttributes = {
					298E089E23B4C1E500B059E9 = {
						DevelopmentTeam = Y5G9RYLF8Y;
						ProvisioningStyle = Manual;
					};
					607FACCF1AFB9204008FA782 = {
						CreatedOnToolsVersion = 6.3.1;
						DevelopmentTeam = Y5G9RYLF8Y;
						LastSwiftMigration = 0820;
						ProvisioningStyle = Manual;
					};
					607FACE41AFB9204008FA782 = {
						CreatedOnToolsVersion = 6.3.1;
						LastSwiftMigration = 0820;
						TestTargetID = 607FACCF1AFB9204008FA782;
					};
				};
			};
			buildConfigurationList = 607FACCB1AFB9204008FA782 /* Build configuration list for PBXProject "SDOSPluggableApplicationDelegateExample" */;
			compatibilityVersion = "Xcode 3.2";
			developmentRegion = English;
			hasScannedForEncodings = 0;
			knownRegions = (
				English,
				en,
				Base,
			);
			mainGroup = 607FACC71AFB9204008FA782;
			productRefGroup = 607FACD11AFB9204008FA782 /* Products */;
			projectDirPath = "";
			projectRoot = "";
			targets = (
				607FACCF1AFB9204008FA782 /* SDOSPluggableApplicationDelegateExample */,
				607FACE41AFB9204008FA782 /* SDOSPluggableApplicationDelegateExample_Tests */,
				298E089E23B4C1E500B059E9 /* SDOSPluggableApplicationDelegateMultipleExample */,
			);
		};
/* End PBXProject section */

/* Begin PBXResourcesBuildPhase section */
		298E08A823B4C1E500B059E9 /* Resources */ = {
			isa = PBXResourcesBuildPhase;
			buildActionMask = 2147483647;
			files = (
				298E08A923B4C1E500B059E9 /* Main.storyboard in Resources */,
				298E08AA23B4C1E500B059E9 /* LaunchScreen.xib in Resources */,
				298E08AB23B4C1E500B059E9 /* Images.xcassets in Resources */,
			);
			runOnlyForDeploymentPostprocessing = 0;
		};
		607FACCE1AFB9204008FA782 /* Resources */ = {
			isa = PBXResourcesBuildPhase;
			buildActionMask = 2147483647;
			files = (
				607FACDB1AFB9204008FA782 /* Main.storyboard in Resources */,
				607FACE01AFB9204008FA782 /* LaunchScreen.xib in Resources */,
				607FACDD1AFB9204008FA782 /* Images.xcassets in Resources */,
			);
			runOnlyForDeploymentPostprocessing = 0;
		};
		607FACE31AFB9204008FA782 /* Resources */ = {
			isa = PBXResourcesBuildPhase;
			buildActionMask = 2147483647;
			files = (
			);
			runOnlyForDeploymentPostprocessing = 0;
		};
/* End PBXResourcesBuildPhase section */

/* Begin PBXShellScriptBuildPhase section */
		11CDBB7662B9715B82464DF0 /* [CP] Embed Pods Frameworks */ = {
			isa = PBXShellScriptBuildPhase;
			buildActionMask = 2147483647;
			files = (
			);
			inputPaths = (
				"${PODS_ROOT}/Target Support Files/Pods-SDOSPluggableApplicationDelegateExample/Pods-SDOSPluggableApplicationDelegateExample-frameworks.sh",
				"${BUILT_PRODUCTS_DIR}/SDOSPluggableApplicationDelegate/SDOSPluggableApplicationDelegate.framework",
			);
			name = "[CP] Embed Pods Frameworks";
			outputPaths = (
				"${TARGET_BUILD_DIR}/${FRAMEWORKS_FOLDER_PATH}/SDOSPluggableApplicationDelegate.framework",
			);
			runOnlyForDeploymentPostprocessing = 0;
			shellPath = /bin/sh;
			shellScript = "\"${PODS_ROOT}/Target Support Files/Pods-SDOSPluggableApplicationDelegateExample/Pods-SDOSPluggableApplicationDelegateExample-frameworks.sh\"\n";
			showEnvVarsInLog = 0;
		};
		298C9FB02255E62600A90652 /* Xcode Versions */ = {
			isa = PBXShellScriptBuildPhase;
			buildActionMask = 2147483647;
			files = (
			);
			inputFileListPaths = (
			);
			inputPaths = (
			);
			name = "Xcode Versions";
			outputFileListPaths = (
			);
			outputPaths = (
			);
			runOnlyForDeploymentPostprocessing = 0;
			shellPath = /bin/sh;
			shellScript = "file=\"$SRCROOT/XcodeVersion.properties\"\n\n# create file if it does not exist\ntouch \"${file}\"\n\n# if file does not exist or it is not readable -> error\nif [ ! -r \"${file}\" ]\nthen\necho \"error: Could not create file: ${file} (see the Xcode Version script in Build Phases)\"\nerror -1\nfi\n# read the keys and values in the file\nwhile IFS='=' read -r key value\ndo\neval \"${key}='${value}'\"\ndone < \"${file}\"\n\n# if not defined the keys: XCODE_VERSION_MAJOR_REQUIRED, XCODE_VERSION_MINOR_REQUIRED, XCODE_VERSION_ACTUAL_REQUIRED\nif ([ -z ${XCODE_VERSION_MAJOR_REQUIRED:+\"1\"} ] || [ -z ${XCODE_VERSION_MINOR_REQUIRED:+\"1\"} ] || [ -z ${XCODE_VERSION_ACTUAL_REQUIRED:+\"1\"} ])\nthen\necho \"XCODE_VERSION_MAJOR_REQUIRED=${XCODE_VERSION_MAJOR}\" > \"${file}\"\necho \"XCODE_VERSION_MINOR_REQUIRED=${XCODE_VERSION_MINOR}\" >> \"${file}\"\necho \"XCODE_VERSION_ACTUAL_REQUIRED=${XCODE_VERSION_ACTUAL}\" >> \"${file}\"\n\necho \"warning: Required Xcode version set to ${XCODE_VERSION_ACTUAL} in this project. If you want to build this project with a different version of Xcode, please remove XcodeVersion.properties file\"\nelif ([ ${XCODE_VERSION_MAJOR_REQUIRED} != ${XCODE_VERSION_MAJOR} ] || [ ${XCODE_VERSION_MINOR_REQUIRED} != ${XCODE_VERSION_MINOR} ])\nthen\necho \"error: [SDOS error] - The required version of Xcode to run this project is ${XCODE_VERSION_MINOR_REQUIRED} and the current version of Xcode is ${XCODE_VERSION_MINOR}. If you want to build this project with a different version of Xcode, please remove XcodeVersion.properties file\"\nerror 0\nelif ([ ${XCODE_VERSION_ACTUAL_REQUIRED} != ${XCODE_VERSION_ACTUAL} ])\nthen\necho \"warning: [SDOS warning] - XCODE VERSION CONFLICT: The required version of Xcode to run this project is ${XCODE_VERSION_ACTUAL_REQUIRED} and the current version of Xcode is ${XCODE_VERSION_ACTUAL}. This might cause some problems at runtime.\"\nfi\n";
		};
		298E089F23B4C1E500B059E9 /* [CP] Check Pods Manifest.lock */ = {
			isa = PBXShellScriptBuildPhase;
			buildActionMask = 2147483647;
			files = (
			);
			inputFileListPaths = (
			);
			inputPaths = (
				"${PODS_PODFILE_DIR_PATH}/Podfile.lock",
				"${PODS_ROOT}/Manifest.lock",
			);
			name = "[CP] Check Pods Manifest.lock";
			outputFileListPaths = (
			);
			outputPaths = (
				"$(DERIVED_FILE_DIR)/Pods-SDOSPluggableApplicationDelegateMultipleExample-checkManifestLockResult.txt",
			);
			runOnlyForDeploymentPostprocessing = 0;
			shellPath = /bin/sh;
			shellScript = "diff \"${PODS_PODFILE_DIR_PATH}/Podfile.lock\" \"${PODS_ROOT}/Manifest.lock\" > /dev/null\nif [ $? != 0 ] ; then\n    # print error to STDERR\n    echo \"error: The sandbox is not in sync with the Podfile.lock. Run 'pod install' or update your CocoaPods installation.\" >&2\n    exit 1\nfi\n# This output is used by Xcode 'outputs' to avoid re-running this script phase.\necho \"SUCCESS\" > \"${SCRIPT_OUTPUT_FILE_0}\"\n";
			showEnvVarsInLog = 0;
		};
		298E08AC23B4C1E500B059E9 /* [CP] Embed Pods Frameworks */ = {
			isa = PBXShellScriptBuildPhase;
			buildActionMask = 2147483647;
			files = (
			);
			inputPaths = (
				"${PODS_ROOT}/Target Support Files/Pods-SDOSPluggableApplicationDelegateMultipleExample/Pods-SDOSPluggableApplicationDelegateMultipleExample-frameworks.sh",
				"${BUILT_PRODUCTS_DIR}/SDOSPluggableApplicationDelegate/SDOSPluggableApplicationDelegate.framework",
			);
			name = "[CP] Embed Pods Frameworks";
			outputPaths = (
				"${TARGET_BUILD_DIR}/${FRAMEWORKS_FOLDER_PATH}/SDOSPluggableApplicationDelegate.framework",
			);
			runOnlyForDeploymentPostprocessing = 0;
			shellPath = /bin/sh;
			shellScript = "\"${PODS_ROOT}/Target Support Files/Pods-SDOSPluggableApplicationDelegateMultipleExample/Pods-SDOSPluggableApplicationDelegateMultipleExample-frameworks.sh\"\n";
			showEnvVarsInLog = 0;
		};
		298E08AD23B4C1E500B059E9 /* Xcode Versions */ = {
			isa = PBXShellScriptBuildPhase;
			buildActionMask = 2147483647;
			files = (
			);
			inputFileListPaths = (
			);
			inputPaths = (
			);
			name = "Xcode Versions";
			outputFileListPaths = (
			);
			outputPaths = (
			);
			runOnlyForDeploymentPostprocessing = 0;
			shellPath = /bin/sh;
			shellScript = "file=\"$SRCROOT/XcodeVersion.properties\"\n\n# create file if it does not exist\ntouch \"${file}\"\n\n# if file does not exist or it is not readable -> error\nif [ ! -r \"${file}\" ]\nthen\necho \"error: Could not create file: ${file} (see the Xcode Version script in Build Phases)\"\nerror -1\nfi\n# read the keys and values in the file\nwhile IFS='=' read -r key value\ndo\neval \"${key}='${value}'\"\ndone < \"${file}\"\n\n# if not defined the keys: XCODE_VERSION_MAJOR_REQUIRED, XCODE_VERSION_MINOR_REQUIRED, XCODE_VERSION_ACTUAL_REQUIRED\nif ([ -z ${XCODE_VERSION_MAJOR_REQUIRED:+\"1\"} ] || [ -z ${XCODE_VERSION_MINOR_REQUIRED:+\"1\"} ] || [ -z ${XCODE_VERSION_ACTUAL_REQUIRED:+\"1\"} ])\nthen\necho \"XCODE_VERSION_MAJOR_REQUIRED=${XCODE_VERSION_MAJOR}\" > \"${file}\"\necho \"XCODE_VERSION_MINOR_REQUIRED=${XCODE_VERSION_MINOR}\" >> \"${file}\"\necho \"XCODE_VERSION_ACTUAL_REQUIRED=${XCODE_VERSION_ACTUAL}\" >> \"${file}\"\n\necho \"warning: Required Xcode version set to ${XCODE_VERSION_ACTUAL} in this project. If you want to build this project with a different version of Xcode, please remove XcodeVersion.properties file\"\nelif ([ ${XCODE_VERSION_MAJOR_REQUIRED} != ${XCODE_VERSION_MAJOR} ] || [ ${XCODE_VERSION_MINOR_REQUIRED} != ${XCODE_VERSION_MINOR} ])\nthen\necho \"error: [SDOS error] - The required version of Xcode to run this project is ${XCODE_VERSION_MINOR_REQUIRED} and the current version of Xcode is ${XCODE_VERSION_MINOR}. If you want to build this project with a different version of Xcode, please remove XcodeVersion.properties file\"\nerror 0\nelif ([ ${XCODE_VERSION_ACTUAL_REQUIRED} != ${XCODE_VERSION_ACTUAL} ])\nthen\necho \"warning: [SDOS warning] - XCODE VERSION CONFLICT: The required version of Xcode to run this project is ${XCODE_VERSION_ACTUAL_REQUIRED} and the current version of Xcode is ${XCODE_VERSION_ACTUAL}. This might cause some problems at runtime.\"\nfi\n";
		};
		A6B96A389F7528540C9EB58D /* [CP] Check Pods Manifest.lock */ = {
			isa = PBXShellScriptBuildPhase;
			buildActionMask = 2147483647;
			files = (
			);
			inputFileListPaths = (
			);
			inputPaths = (
				"${PODS_PODFILE_DIR_PATH}/Podfile.lock",
				"${PODS_ROOT}/Manifest.lock",
			);
			name = "[CP] Check Pods Manifest.lock";
			outputFileListPaths = (
			);
			outputPaths = (
				"$(DERIVED_FILE_DIR)/Pods-SDOSPluggableApplicationDelegateExample-checkManifestLockResult.txt",
			);
			runOnlyForDeploymentPostprocessing = 0;
			shellPath = /bin/sh;
			shellScript = "diff \"${PODS_PODFILE_DIR_PATH}/Podfile.lock\" \"${PODS_ROOT}/Manifest.lock\" > /dev/null\nif [ $? != 0 ] ; then\n    # print error to STDERR\n    echo \"error: The sandbox is not in sync with the Podfile.lock. Run 'pod install' or update your CocoaPods installation.\" >&2\n    exit 1\nfi\n# This output is used by Xcode 'outputs' to avoid re-running this script phase.\necho \"SUCCESS\" > \"${SCRIPT_OUTPUT_FILE_0}\"\n";
			showEnvVarsInLog = 0;
		};
/* End PBXShellScriptBuildPhase section */

/* Begin PBXSourcesBuildPhase section */
		298E08A023B4C1E500B059E9 /* Sources */ = {
			isa = PBXSourcesBuildPhase;
			buildActionMask = 2147483647;
			files = (
				298E08B323B4C39700B059E9 /* AppDelegate.swift in Sources */,
				298E08A423B4C1E500B059E9 /* ViewController.swift in Sources */,
				298E08B423B4C39A00B059E9 /* LoggerApplicationService.swift in Sources */,
				298E08B523B4C39D00B059E9 /* SceneDelegate.swift in Sources */,
			);
			runOnlyForDeploymentPostprocessing = 0;
		};
		607FACCC1AFB9204008FA782 /* Sources */ = {
			isa = PBXSourcesBuildPhase;
			buildActionMask = 2147483647;
			files = (
				298E088423B49FC200B059E9 /* LoggerApplicationService.swift in Sources */,
				298E088523B49FC200B059E9 /* AppDelegate.swift in Sources */,
				298E088D23B4B1AF00B059E9 /* LoggerSceneService.swift in Sources */,
				607FACD81AFB9204008FA782 /* ViewController.swift in Sources */,
				298E088B23B4B12700B059E9 /* SceneDelegate.swift in Sources */,
			);
			runOnlyForDeploymentPostprocessing = 0;
		};
		607FACE11AFB9204008FA782 /* Sources */ = {
			isa = PBXSourcesBuildPhase;
			buildActionMask = 2147483647;
			files = (
				607FACEC1AFB9204008FA782 /* Tests.swift in Sources */,
			);
			runOnlyForDeploymentPostprocessing = 0;
		};
/* End PBXSourcesBuildPhase section */

/* Begin PBXTargetDependency section */
		607FACE71AFB9204008FA782 /* PBXTargetDependency */ = {
			isa = PBXTargetDependency;
			target = 607FACCF1AFB9204008FA782 /* SDOSPluggableApplicationDelegateExample */;
			targetProxy = 607FACE61AFB9204008FA782 /* PBXContainerItemProxy */;
		};
/* End PBXTargetDependency section */

/* Begin PBXVariantGroup section */
		607FACD91AFB9204008FA782 /* Main.storyboard */ = {
			isa = PBXVariantGroup;
			children = (
				607FACDA1AFB9204008FA782 /* Base */,
			);
			name = Main.storyboard;
			sourceTree = "<group>";
		};
		607FACDE1AFB9204008FA782 /* LaunchScreen.xib */ = {
			isa = PBXVariantGroup;
			children = (
				607FACDF1AFB9204008FA782 /* Base */,
			);
			name = LaunchScreen.xib;
			sourceTree = "<group>";
		};
/* End PBXVariantGroup section */

/* Begin XCBuildConfiguration section */
		298E08AF23B4C1E500B059E9 /* Debug */ = {
			isa = XCBuildConfiguration;
			baseConfigurationReference = D087297FE80E851CD3848071 /* Pods-SDOSPluggableApplicationDelegateMultipleExample.debug.xcconfig */;
			buildSettings = {
				ASSETCATALOG_COMPILER_APPICON_NAME = AppIcon;
				CODE_SIGN_STYLE = Manual;
				DEVELOPMENT_TEAM = Y5G9RYLF8Y;
				INFOPLIST_FILE = PluggableApplicationDelegate/Multiple/Info.plist;
				LD_RUNPATH_SEARCH_PATHS = "$(inherited) @executable_path/Frameworks";
				MODULE_NAME = ExampleApp;
				PRODUCT_BUNDLE_IDENTIFIER = "org.cocoapods.demo.$(PRODUCT_NAME:rfc1034identifier)";
				PRODUCT_NAME = "$(TARGET_NAME)";
				PROVISIONING_PROFILE_SPECIFIER = "DEV Generic";
			};
			name = Debug;
		};
		298E08B023B4C1E500B059E9 /* Release */ = {
			isa = XCBuildConfiguration;
			baseConfigurationReference = DABCD01C313F1AA0D201103D /* Pods-SDOSPluggableApplicationDelegateMultipleExample.release.xcconfig */;
			buildSettings = {
				ASSETCATALOG_COMPILER_APPICON_NAME = AppIcon;
				CODE_SIGN_STYLE = Manual;
				DEVELOPMENT_TEAM = Y5G9RYLF8Y;
				INFOPLIST_FILE = PluggableApplicationDelegate/Multiple/Info.plist;
				LD_RUNPATH_SEARCH_PATHS = "$(inherited) @executable_path/Frameworks";
				MODULE_NAME = ExampleApp;
				PRODUCT_BUNDLE_IDENTIFIER = "org.cocoapods.demo.$(PRODUCT_NAME:rfc1034identifier)";
				PRODUCT_NAME = "$(TARGET_NAME)";
				PROVISIONING_PROFILE_SPECIFIER = "DEV Generic";
			};
			name = Release;
		};
		607FACED1AFB9204008FA782 /* Debug */ = {
			isa = XCBuildConfiguration;
			buildSettings = {
				ALWAYS_SEARCH_USER_PATHS = NO;
				CLANG_CXX_LANGUAGE_STANDARD = "gnu++0x";
				CLANG_CXX_LIBRARY = "libc++";
				CLANG_ENABLE_MODULES = YES;
				CLANG_ENABLE_OBJC_ARC = YES;
				CLANG_WARN_BOOL_CONVERSION = YES;
				CLANG_WARN_CONSTANT_CONVERSION = YES;
				CLANG_WARN_DIRECT_OBJC_ISA_USAGE = YES_ERROR;
				CLANG_WARN_EMPTY_BODY = YES;
				CLANG_WARN_ENUM_CONVERSION = YES;
				CLANG_WARN_INFINITE_RECURSION = YES;
				CLANG_WARN_INT_CONVERSION = YES;
				CLANG_WARN_OBJC_ROOT_CLASS = YES_ERROR;
				CLANG_WARN_SUSPICIOUS_MOVE = YES;
				CLANG_WARN_UNREACHABLE_CODE = YES;
				CLANG_WARN__DUPLICATE_METHOD_MATCH = YES;
				"CODE_SIGN_IDENTITY[sdk=iphoneos*]" = "iPhone Developer";
				COPY_PHASE_STRIP = NO;
				DEBUG_INFORMATION_FORMAT = "dwarf-with-dsym";
				ENABLE_STRICT_OBJC_MSGSEND = YES;
				ENABLE_TESTABILITY = YES;
				GCC_C_LANGUAGE_STANDARD = gnu99;
				GCC_DYNAMIC_NO_PIC = NO;
				GCC_NO_COMMON_BLOCKS = YES;
				GCC_OPTIMIZATION_LEVEL = 0;
				GCC_PREPROCESSOR_DEFINITIONS = (
					"DEBUG=1",
					"$(inherited)",
				);
				GCC_SYMBOLS_PRIVATE_EXTERN = NO;
				GCC_WARN_64_TO_32_BIT_CONVERSION = YES;
				GCC_WARN_ABOUT_RETURN_TYPE = YES_ERROR;
				GCC_WARN_UNDECLARED_SELECTOR = YES;
				GCC_WARN_UNINITIALIZED_AUTOS = YES_AGGRESSIVE;
				GCC_WARN_UNUSED_FUNCTION = YES;
				GCC_WARN_UNUSED_VARIABLE = YES;
				IPHONEOS_DEPLOYMENT_TARGET = 10.0;
				MTL_ENABLE_DEBUG_INFO = YES;
				ONLY_ACTIVE_ARCH = YES;
				SDKROOT = iphoneos;
				SWIFT_OPTIMIZATION_LEVEL = "-Onone";
				SWIFT_VERSION = 5.0;
			};
			name = Debug;
		};
		607FACEE1AFB9204008FA782 /* Release */ = {
			isa = XCBuildConfiguration;
			buildSettings = {
				ALWAYS_SEARCH_USER_PATHS = NO;
				CLANG_CXX_LANGUAGE_STANDARD = "gnu++0x";
				CLANG_CXX_LIBRARY = "libc++";
				CLANG_ENABLE_MODULES = YES;
				CLANG_ENABLE_OBJC_ARC = YES;
				CLANG_WARN_BOOL_CONVERSION = YES;
				CLANG_WARN_CONSTANT_CONVERSION = YES;
				CLANG_WARN_DIRECT_OBJC_ISA_USAGE = YES_ERROR;
				CLANG_WARN_EMPTY_BODY = YES;
				CLANG_WARN_ENUM_CONVERSION = YES;
				CLANG_WARN_INFINITE_RECURSION = YES;
				CLANG_WARN_INT_CONVERSION = YES;
				CLANG_WARN_OBJC_ROOT_CLASS = YES_ERROR;
				CLANG_WARN_SUSPICIOUS_MOVE = YES;
				CLANG_WARN_UNREACHABLE_CODE = YES;
				CLANG_WARN__DUPLICATE_METHOD_MATCH = YES;
				"CODE_SIGN_IDENTITY[sdk=iphoneos*]" = "iPhone Developer";
				COPY_PHASE_STRIP = NO;
				DEBUG_INFORMATION_FORMAT = "dwarf-with-dsym";
				ENABLE_NS_ASSERTIONS = NO;
				ENABLE_STRICT_OBJC_MSGSEND = YES;
				GCC_C_LANGUAGE_STANDARD = gnu99;
				GCC_NO_COMMON_BLOCKS = YES;
				GCC_WARN_64_TO_32_BIT_CONVERSION = YES;
				GCC_WARN_ABOUT_RETURN_TYPE = YES_ERROR;
				GCC_WARN_UNDECLARED_SELECTOR = YES;
				GCC_WARN_UNINITIALIZED_AUTOS = YES_AGGRESSIVE;
				GCC_WARN_UNUSED_FUNCTION = YES;
				GCC_WARN_UNUSED_VARIABLE = YES;
				IPHONEOS_DEPLOYMENT_TARGET = 10.0;
				MTL_ENABLE_DEBUG_INFO = NO;
				SDKROOT = iphoneos;
				SWIFT_OPTIMIZATION_LEVEL = "-Owholemodule";
				SWIFT_VERSION = 5.0;
				VALIDATE_PRODUCT = YES;
			};
			name = Release;
		};
		607FACF01AFB9204008FA782 /* Debug */ = {
			isa = XCBuildConfiguration;
			baseConfigurationReference = A897F04C6E01741F325FF631 /* Pods-SDOSPluggableApplicationDelegateExample.debug.xcconfig */;
			buildSettings = {
				ASSETCATALOG_COMPILER_APPICON_NAME = AppIcon;
				CODE_SIGN_STYLE = Manual;
				DEVELOPMENT_TEAM = Y5G9RYLF8Y;
				INFOPLIST_FILE = PluggableApplicationDelegate/Application/Info.plist;
				LD_RUNPATH_SEARCH_PATHS = "$(inherited) @executable_path/Frameworks";
				MODULE_NAME = ExampleApp;
				PRODUCT_BUNDLE_IDENTIFIER = "org.cocoapods.demo.$(PRODUCT_NAME:rfc1034identifier)";
				PRODUCT_NAME = "$(TARGET_NAME)";
				PROVISIONING_PROFILE_SPECIFIER = "DEV Generic";
			};
			name = Debug;
		};
		607FACF11AFB9204008FA782 /* Release */ = {
			isa = XCBuildConfiguration;
			baseConfigurationReference = 8E6A38ABBDF1B8AF960E4E6C /* Pods-SDOSPluggableApplicationDelegateExample.release.xcconfig */;
			buildSettings = {
				ASSETCATALOG_COMPILER_APPICON_NAME = AppIcon;
				CODE_SIGN_STYLE = Manual;
				DEVELOPMENT_TEAM = Y5G9RYLF8Y;
				INFOPLIST_FILE = PluggableApplicationDelegate/Application/Info.plist;
				LD_RUNPATH_SEARCH_PATHS = "$(inherited) @executable_path/Frameworks";
				MODULE_NAME = ExampleApp;
				PRODUCT_BUNDLE_IDENTIFIER = "org.cocoapods.demo.$(PRODUCT_NAME:rfc1034identifier)";
				PRODUCT_NAME = "$(TARGET_NAME)";
				PROVISIONING_PROFILE_SPECIFIER = "DEV Generic";
			};
			name = Release;
		};
		607FACF31AFB9204008FA782 /* Debug */ = {
			isa = XCBuildConfiguration;
			buildSettings = {
				FRAMEWORK_SEARCH_PATHS = (
					"$(SDKROOT)/Developer/Library/Frameworks",
					"$(inherited)",
				);
				GCC_PREPROCESSOR_DEFINITIONS = (
					"DEBUG=1",
					"$(inherited)",
				);
				INFOPLIST_FILE = Tests/Info.plist;
				LD_RUNPATH_SEARCH_PATHS = "$(inherited) @executable_path/Frameworks @loader_path/Frameworks";
				PRODUCT_BUNDLE_IDENTIFIER = "org.cocoapods.$(PRODUCT_NAME:rfc1034identifier)";
				PRODUCT_NAME = "$(TARGET_NAME)";
			};
			name = Debug;
		};
		607FACF41AFB9204008FA782 /* Release */ = {
			isa = XCBuildConfiguration;
			buildSettings = {
				FRAMEWORK_SEARCH_PATHS = (
					"$(SDKROOT)/Developer/Library/Frameworks",
					"$(inherited)",
				);
				INFOPLIST_FILE = Tests/Info.plist;
				LD_RUNPATH_SEARCH_PATHS = "$(inherited) @executable_path/Frameworks @loader_path/Frameworks";
				PRODUCT_BUNDLE_IDENTIFIER = "org.cocoapods.$(PRODUCT_NAME:rfc1034identifier)";
				PRODUCT_NAME = "$(TARGET_NAME)";
			};
			name = Release;
		};
/* End XCBuildConfiguration section */

/* Begin XCConfigurationList section */
		298E08AE23B4C1E500B059E9 /* Build configuration list for PBXNativeTarget "SDOSPluggableApplicationDelegateMultipleExample" */ = {
			isa = XCConfigurationList;
			buildConfigurations = (
				298E08AF23B4C1E500B059E9 /* Debug */,
				298E08B023B4C1E500B059E9 /* Release */,
			);
			defaultConfigurationIsVisible = 0;
			defaultConfigurationName = Release;
		};
		607FACCB1AFB9204008FA782 /* Build configuration list for PBXProject "SDOSPluggableApplicationDelegateExample" */ = {
			isa = XCConfigurationList;
			buildConfigurations = (
				607FACED1AFB9204008FA782 /* Debug */,
				607FACEE1AFB9204008FA782 /* Release */,
			);
			defaultConfigurationIsVisible = 0;
			defaultConfigurationName = Release;
		};
		607FACEF1AFB9204008FA782 /* Build configuration list for PBXNativeTarget "SDOSPluggableApplicationDelegateExample" */ = {
			isa = XCConfigurationList;
			buildConfigurations = (
				607FACF01AFB9204008FA782 /* Debug */,
				607FACF11AFB9204008FA782 /* Release */,
			);
			defaultConfigurationIsVisible = 0;
			defaultConfigurationName = Release;
		};
		607FACF21AFB9204008FA782 /* Build configuration list for PBXNativeTarget "SDOSPluggableApplicationDelegateExample_Tests" */ = {
			isa = XCConfigurationList;
			buildConfigurations = (
				607FACF31AFB9204008FA782 /* Debug */,
				607FACF41AFB9204008FA782 /* Release */,
			);
			defaultConfigurationIsVisible = 0;
			defaultConfigurationName = Release;
		};
/* End XCConfigurationList section */
	};
	rootObject = 607FACC81AFB9204008FA782 /* Project object */;
}
