PODS:
  - SDOSPluggableApplicationDelegate (2.0.1):
    - SDOSPluggableApplicationDelegate/Core (= 2.0.1)
  - SDOSPluggableApplicationDelegate/Core (2.0.1)
  - SDOSPluggableApplicationDelegate/Scene (2.0.1):
    - SDOSPluggableApplicationDelegate/Core

DEPENDENCIES:
  - SDOSPluggableApplicationDelegate (from `../../`)
  - SDOSPluggableApplicationDelegate/Scene (from `../../`)

EXTERNAL SOURCES:
  SDOSPluggableApplicationDelegate:
    :path: "../../"

SPEC CHECKSUMS:
  SDOSPluggableApplicationDelegate: 4d86745fa91c82bd08d0112f410eb3bb828c36ec

PODFILE CHECKSUM: 6d2cfee9e74fc16a0c1aca7d457a0e8da9d46a5e

COCOAPODS: 1.9.3
