PODS:
  - SDOSPluggableApplicationDelegate (1.0.0):
    - SDOSPluggableApplicationDelegate/SDOSPluggableApplicationDelegate (= 1.0.0)
  - SDOSPluggableApplicationDelegate/SDOSPluggableApplicationDelegate (1.0.0)

DEPENDENCIES:
  - SDOSPluggableApplicationDelegate (from `../../`)

EXTERNAL SOURCES:
  SDOSPluggableApplicationDelegate:
    :path: "../../"

SPEC CHECKSUMS:
  SDOSPluggableApplicationDelegate: af700171852e0b58b571e6edfa7772f2c33f42c1

PODFILE CHECKSUM: e19ab0858a772e76d62a7c567cdd4871949e1206

COCOAPODS: 1.8.4
